
Microsoft Visual Studio Solution File, Format Version 12.00
# Visual Studio 2013
VisualStudioVersion = 12.0.21005.1
MinimumVisualStudioVersion = 10.0.40219.1
Project("{00D1A9C2-B5F0-4AF3-8072-F6C62B433612}") = "SQLTask-1", "Task1.2\SQLTask-1.sqlproj", "{2EF7AFA1-8D54-4CD7-A9B6-7428C9E63867}"
EndProject
Global
	GlobalSection(SolutionConfigurationPlatforms) = preSolution
		Debug|Any CPU = Debug|Any CPU
		Release|Any CPU = Release|Any CPU
	EndGlobalSection
	GlobalSection(ProjectConfigurationPlatforms) = postSolution
		{2EF7AFA1-8D54-4CD7-A9B6-7428C9E63867}.Debug|Any CPU.ActiveCfg = Debug|Any CPU
		{2EF7AFA1-8D54-4CD7-A9B6-7428C9E63867}.Debug|Any CPU.Build.0 = Debug|Any CPU
		{2EF7AFA1-8D54-4CD7-A9B6-7428C9E63867}.Debug|Any CPU.Deploy.0 = Debug|Any CPU
		{2EF7AFA1-8D54-4CD7-A9B6-7428C9E63867}.Release|Any CPU.ActiveCfg = Release|Any CPU
		{2EF7AFA1-8D54-4CD7-A9B6-7428C9E63867}.Release|Any CPU.Build.0 = Release|Any CPU
		{2EF7AFA1-8D54-4CD7-A9B6-7428C9E63867}.Release|Any CPU.Deploy.0 = Release|Any CPU
	EndGlobalSection
	GlobalSection(SolutionProperties) = preSolution
		HideSolutionNode = FALSE
	EndGlobalSection
EndGlobal
